{
  "version": 4,
  "terraform_version": "1.4.6",
  "serial": 5,
  "lineage": "6daa7949-1bee-b42d-dc90-7bbe5fb53d84",
  "outputs": {},
  "resources": [
    {
      "mode": "managed",
      "type": "local_file",
      "name": "foo",
      "provider": "provider[\"registry.terraform.io/hashicorp/local\"]",
      "instances": [
        {
          "schema_version": 0,
          "attributes": {
            "content": "print('WITAJ W WSB')",
            "content_base64": null,
            "content_base64sha256": "ixNgmyz6xFfzehHsJfelY9QvS2gZ/qmojZLOSxrTFuQ=",
            "content_base64sha512": "EJV5yNqqG3dai/ANk4tcfPmkTFUmiGv1VHYljobbc+w3J3FnWxbbAHTa77V9ePSluNbNeGwKNxEsBZb6SfA0YA==",
            "content_md5": "f214a803150bc7a85589ce23d354aa2c",
            "content_sha1": "ab41ed0888bfb9f8dcc79ffd07b9c4ae3223d493",
            "content_sha256": "8b13609b2cfac457f37a11ec25f7a563d42f4b6819fea9a88d92ce4b1ad316e4",
            "content_sha512": "109579c8daaa1b775a8bf00d938b5c7cf9a44c5526886bf55476258e86db73ec372771675b16db0074daefb57d78f4a5b8d6cd786c0a37112c0596fa49f03460",
            "directory_permission": "0777",
            "file_permission": "0777",
            "filename": "./app.py",
            "id": "ab41ed0888bfb9f8dcc79ffd07b9c4ae3223d493",
            "sensitive_content": null,
            "source": null
          },
          "sensitive_attributes": []
        }
      ]
    }
  ],
  "check_results": null
}
